// !$*UTF8*$!
{
	archiveVersion = 1;
	classes = {
	};
	objectVersion = 56;
	objects = {

/* Begin PBXBuildFile section */
		A36F299D298EBCCC001F42CD /* Alamofire in Frameworks */ = {isa = PBXBuildFile; productRef = A36F299C298EBCCC001F42CD /* Alamofire */; };
		A36F299F298EBCED001F42CD /* NetworkManager.swift in Sources */ = {isa = PBXBuildFile; fileRef = A36F299E298EBCED001F42CD /* NetworkManager.swift */; };
		A3A23874298FEE1800FEFFB5 /* BookCategoryModel.swift in Sources */ = {isa = PBXBuildFile; fileRef = A3A23873298FEE1800FEFFB5 /* BookCategoryModel.swift */; };
		A3A23876298FEE2D00FEFFB5 /* BooksListModel.swift in Sources */ = {isa = PBXBuildFile; fileRef = A3A23875298FEE2D00FEFFB5 /* BooksListModel.swift */; };
		A3A23879298FFD9D00FEFFB5 /* CategoryCollectionViewCellModel.swift in Sources */ = {isa = PBXBuildFile; fileRef = A3A23878298FFD9C00FEFFB5 /* CategoryCollectionViewCellModel.swift */; };
		A3A2389D2990EBD800FEFFB5 /* CoreDataManager.swift in Sources */ = {isa = PBXBuildFile; fileRef = A3A2389C2990EBD800FEFFB5 /* CoreDataManager.swift */; };
		A3A238B72990FA5D00FEFFB5 /* BookEntity+CoreDataProperties.swift in Sources */ = {isa = PBXBuildFile; fileRef = A3A238B32990FA5D00FEFFB5 /* BookEntity+CoreDataProperties.swift */; };
		A3A238B92990FA5D00FEFFB5 /* CategoryEntity+CoreDataProperties.swift in Sources */ = {isa = PBXBuildFile; fileRef = A3A238B52990FA5D00FEFFB5 /* CategoryEntity+CoreDataProperties.swift */; };
		A3A4FCE3298C27D800FFF6A6 /* AppDelegate.swift in Sources */ = {isa = PBXBuildFile; fileRef = A3A4FCE2298C27D800FFF6A6 /* AppDelegate.swift */; };
		A3A4FCE5298C27D800FFF6A6 /* SceneDelegate.swift in Sources */ = {isa = PBXBuildFile; fileRef = A3A4FCE4298C27D800FFF6A6 /* SceneDelegate.swift */; };
		A3A4FCED298C27D800FFF6A6 /* BookCatalogue.xcdatamodeld in Sources */ = {isa = PBXBuildFile; fileRef = A3A4FCEB298C27D800FFF6A6 /* BookCatalogue.xcdatamodeld */; };
		A3A4FCEF298C27DA00FFF6A6 /* Assets.xcassets in Resources */ = {isa = PBXBuildFile; fileRef = A3A4FCEE298C27DA00FFF6A6 /* Assets.xcassets */; };
		A3A4FCF2298C27DA00FFF6A6 /* LaunchScreen.storyboard in Resources */ = {isa = PBXBuildFile; fileRef = A3A4FCF0298C27DA00FFF6A6 /* LaunchScreen.storyboard */; };
		A3A4FCFA298C418A00FFF6A6 /* СategoriesListViewController.swift in Sources */ = {isa = PBXBuildFile; fileRef = A3A4FCF9298C418A00FFF6A6 /* СategoriesListViewController.swift */; };
		A3A4FCFD298C41B900FFF6A6 /* CategoriesListViewModel.swift in Sources */ = {isa = PBXBuildFile; fileRef = A3A4FCFC298C41B900FFF6A6 /* CategoriesListViewModel.swift */; };
		A3A4FCFF298C41E200FFF6A6 /* BooksListViewController.swift in Sources */ = {isa = PBXBuildFile; fileRef = A3A4FCFE298C41E100FFF6A6 /* BooksListViewController.swift */; };
		A3A4FD01298C41EC00FFF6A6 /* BooksListViewModel.swift in Sources */ = {isa = PBXBuildFile; fileRef = A3A4FD00298C41EC00FFF6A6 /* BooksListViewModel.swift */; };
		A3A4FD09298D346C00FFF6A6 /* CategoryCollectionViewCell.swift in Sources */ = {isa = PBXBuildFile; fileRef = A3A4FD08298D346C00FFF6A6 /* CategoryCollectionViewCell.swift */; };
/* End PBXBuildFile section */

/* Begin PBXFileReference section */
		A36F299E298EBCED001F42CD /* NetworkManager.swift */ = {isa = PBXFileReference; lastKnownFileType = sourcecode.swift; path = NetworkManager.swift; sourceTree = "<group>"; };
		A3A23873298FEE1800FEFFB5 /* BookCategoryModel.swift */ = {isa = PBXFileReference; lastKnownFileType = sourcecode.swift; path = BookCategoryModel.swift; sourceTree = "<group>"; };
		A3A23875298FEE2D00FEFFB5 /* BooksListModel.swift */ = {isa = PBXFileReference; lastKnownFileType = sourcecode.swift; path = BooksListModel.swift; sourceTree = "<group>"; };
		A3A23878298FFD9C00FEFFB5 /* CategoryCollectionViewCellModel.swift */ = {isa = PBXFileReference; lastKnownFileType = sourcecode.swift; path = CategoryCollectionViewCellModel.swift; sourceTree = "<group>"; };
		A3A2389C2990EBD800FEFFB5 /* CoreDataManager.swift */ = {isa = PBXFileReference; lastKnownFileType = sourcecode.swift; path = CoreDataManager.swift; sourceTree = "<group>"; };
		A3A238B32990FA5D00FEFFB5 /* BookEntity+CoreDataProperties.swift */ = {isa = PBXFileReference; lastKnownFileType = sourcecode.swift; path = "BookEntity+CoreDataProperties.swift"; sourceTree = "<group>"; };
		A3A238B52990FA5D00FEFFB5 /* CategoryEntity+CoreDataProperties.swift */ = {isa = PBXFileReference; lastKnownFileType = sourcecode.swift; path = "CategoryEntity+CoreDataProperties.swift"; sourceTree = "<group>"; };
		A3A4FCDF298C27D800FFF6A6 /* BookCatalogue.app */ = {isa = PBXFileReference; explicitFileType = wrapper.application; includeInIndex = 0; path = BookCatalogue.app; sourceTree = BUILT_PRODUCTS_DIR; };
		A3A4FCE2298C27D800FFF6A6 /* AppDelegate.swift */ = {isa = PBXFileReference; lastKnownFileType = sourcecode.swift; path = AppDelegate.swift; sourceTree = "<group>"; };
		A3A4FCE4298C27D800FFF6A6 /* SceneDelegate.swift */ = {isa = PBXFileReference; lastKnownFileType = sourcecode.swift; path = SceneDelegate.swift; sourceTree = "<group>"; };
		A3A4FCEC298C27D800FFF6A6 /* BookCatalogue.xcdatamodel */ = {isa = PBXFileReference; lastKnownFileType = wrapper.xcdatamodel; path = BookCatalogue.xcdatamodel; sourceTree = "<group>"; };
		A3A4FCEE298C27DA00FFF6A6 /* Assets.xcassets */ = {isa = PBXFileReference; lastKnownFileType = folder.assetcatalog; path = Assets.xcassets; sourceTree = "<group>"; };
		A3A4FCF1298C27DA00FFF6A6 /* Base */ = {isa = PBXFileReference; lastKnownFileType = file.storyboard; name = Base; path = Base.lproj/LaunchScreen.storyboard; sourceTree = "<group>"; };
		A3A4FCF3298C27DA00FFF6A6 /* Info.plist */ = {isa = PBXFileReference; lastKnownFileType = text.plist.xml; path = Info.plist; sourceTree = "<group>"; };
		A3A4FCF9298C418A00FFF6A6 /* СategoriesListViewController.swift */ = {isa = PBXFileReference; lastKnownFileType = sourcecode.swift; path = "СategoriesListViewController.swift"; sourceTree = "<group>"; };
		A3A4FCFC298C41B900FFF6A6 /* CategoriesListViewModel.swift */ = {isa = PBXFileReference; lastKnownFileType = sourcecode.swift; path = CategoriesListViewModel.swift; sourceTree = "<group>"; };
		A3A4FCFE298C41E100FFF6A6 /* BooksListViewController.swift */ = {isa = PBXFileReference; lastKnownFileType = sourcecode.swift; path = BooksListViewController.swift; sourceTree = "<group>"; };
		A3A4FD00298C41EC00FFF6A6 /* BooksListViewModel.swift */ = {isa = PBXFileReference; lastKnownFileType = sourcecode.swift; path = BooksListViewModel.swift; sourceTree = "<group>"; };
		A3A4FD08298D346C00FFF6A6 /* CategoryCollectionViewCell.swift */ = {isa = PBXFileReference; lastKnownFileType = sourcecode.swift; path = CategoryCollectionViewCell.swift; sourceTree = "<group>"; };
/* End PBXFileReference section */

/* Begin PBXFrameworksBuildPhase section */
		A3A4FCDC298C27D800FFF6A6 /* Frameworks */ = {
			isa = PBXFrameworksBuildPhase;
			buildActionMask = 2147483647;
			files = (
				A36F299D298EBCCC001F42CD /* Alamofire in Frameworks */,
			);
			runOnlyForDeploymentPostprocessing = 0;
		};
/* End PBXFrameworksBuildPhase section */

/* Begin PBXGroup section */
		A3A23877298FF9B300FEFFB5 /* NetworkManager */ = {
			isa = PBXGroup;
			children = (
				A36F299E298EBCED001F42CD /* NetworkManager.swift */,
			);
			path = NetworkManager;
			sourceTree = "<group>";
		};
		A3A4FCD6298C27D800FFF6A6 = {
			isa = PBXGroup;
			children = (
				A3A4FCE1298C27D800FFF6A6 /* BookCatalogue */,
				A3A4FCE0298C27D800FFF6A6 /* Products */,
			);
			sourceTree = "<group>";
		};
		A3A4FCE0298C27D800FFF6A6 /* Products */ = {
			isa = PBXGroup;
			children = (
				A3A4FCDF298C27D800FFF6A6 /* BookCatalogue.app */,
			);
			name = Products;
			sourceTree = "<group>";
		};
		A3A4FCE1298C27D800FFF6A6 /* BookCatalogue */ = {
			isa = PBXGroup;
			children = (
				A3A4FCFB298C419B00FFF6A6 /* CategoriesList */,
				A3A4FD02298C423100FFF6A6 /* BooksList */,
				A3A23877298FF9B300FEFFB5 /* NetworkManager */,
				A3A4FD05298C43FB00FFF6A6 /* CoreData */,
				A3A4FD03298C431D00FFF6A6 /* Sources */,
				A3A4FD04298C433000FFF6A6 /* SupportingFiles */,
			);
			path = BookCatalogue;
			sourceTree = "<group>";
		};
		A3A4FCFB298C419B00FFF6A6 /* CategoriesList */ = {
			isa = PBXGroup;
			children = (
				A3A4FCF9298C418A00FFF6A6 /* СategoriesListViewController.swift */,
				A3A4FCFC298C41B900FFF6A6 /* CategoriesListViewModel.swift */,
				A3A4FD08298D346C00FFF6A6 /* CategoryCollectionViewCell.swift */,
				A3A23878298FFD9C00FEFFB5 /* CategoryCollectionViewCellModel.swift */,
				A3A23873298FEE1800FEFFB5 /* BookCategoryModel.swift */,
			);
			path = CategoriesList;
			sourceTree = "<group>";
		};
		A3A4FD02298C423100FFF6A6 /* BooksList */ = {
			isa = PBXGroup;
			children = (
				A3A4FCFE298C41E100FFF6A6 /* BooksListViewController.swift */,
				A3A4FD00298C41EC00FFF6A6 /* BooksListViewModel.swift */,
				A3A23875298FEE2D00FEFFB5 /* BooksListModel.swift */,
			);
			path = BooksList;
			sourceTree = "<group>";
		};
		A3A4FD03298C431D00FFF6A6 /* Sources */ = {
			isa = PBXGroup;
			children = (
				A3A4FCEE298C27DA00FFF6A6 /* Assets.xcassets */,
			);
			path = Sources;
			sourceTree = "<group>";
		};
		A3A4FD04298C433000FFF6A6 /* SupportingFiles */ = {
			isa = PBXGroup;
			children = (
				A3A4FCE2298C27D800FFF6A6 /* AppDelegate.swift */,
				A3A4FCE4298C27D800FFF6A6 /* SceneDelegate.swift */,
				A3A4FCF0298C27DA00FFF6A6 /* LaunchScreen.storyboard */,
				A3A4FCF3298C27DA00FFF6A6 /* Info.plist */,
			);
			path = SupportingFiles;
			sourceTree = "<group>";
		};
		A3A4FD05298C43FB00FFF6A6 /* CoreData */ = {
			isa = PBXGroup;
			children = (
				A3A4FCEB298C27D800FFF6A6 /* BookCatalogue.xcdatamodeld */,
				A3A2389C2990EBD800FEFFB5 /* CoreDataManager.swift */,
				A3A238B32990FA5D00FEFFB5 /* BookEntity+CoreDataProperties.swift */,
				A3A238B52990FA5D00FEFFB5 /* CategoryEntity+CoreDataProperties.swift */,
			);
			path = CoreData;
			sourceTree = "<group>";
		};
/* End PBXGroup section */

/* Begin PBXNativeTarget section */
		A3A4FCDE298C27D800FFF6A6 /* BookCatalogue */ = {
			isa = PBXNativeTarget;
			buildConfigurationList = A3A4FCF6298C27DA00FFF6A6 /* Build configuration list for PBXNativeTarget "BookCatalogue" */;
			buildPhases = (
				A3A4FCDB298C27D800FFF6A6 /* Sources */,
				A3A4FCDC298C27D800FFF6A6 /* Frameworks */,
				A3A4FCDD298C27D800FFF6A6 /* Resources */,
			);
			buildRules = (
			);
			dependencies = (
			);
			name = BookCatalogue;
			packageProductDependencies = (
				A36F299C298EBCCC001F42CD /* Alamofire */,
			);
			productName = BookCatalogue;
			productReference = A3A4FCDF298C27D800FFF6A6 /* BookCatalogue.app */;
			productType = "com.apple.product-type.application";
		};
/* End PBXNativeTarget section */

/* Begin PBXProject section */
		A3A4FCD7298C27D800FFF6A6 /* Project object */ = {
			isa = PBXProject;
			attributes = {
				BuildIndependentTargetsInParallel = 1;
				LastSwiftUpdateCheck = 1420;
				LastUpgradeCheck = 1420;
				TargetAttributes = {
					A3A4FCDE298C27D800FFF6A6 = {
						CreatedOnToolsVersion = 14.2;
					};
				};
			};
			buildConfigurationList = A3A4FCDA298C27D800FFF6A6 /* Build configuration list for PBXProject "BookCatalogue" */;
			compatibilityVersion = "Xcode 14.0";
			developmentRegion = en;
			hasScannedForEncodings = 0;
			knownRegions = (
				en,
				Base,
			);
			mainGroup = A3A4FCD6298C27D800FFF6A6;
			packageReferences = (
				A36F299B298EBCCC001F42CD /* XCRemoteSwiftPackageReference "Alamofire" */,
			);
			productRefGroup = A3A4FCE0298C27D800FFF6A6 /* Products */;
			projectDirPath = "";
			projectRoot = "";
			targets = (
				A3A4FCDE298C27D800FFF6A6 /* BookCatalogue */,
			);
		};
/* End PBXProject section */

/* Begin PBXResourcesBuildPhase section */
		A3A4FCDD298C27D800FFF6A6 /* Resources */ = {
			isa = PBXResourcesBuildPhase;
			buildActionMask = 2147483647;
			files = (
				A3A4FCF2298C27DA00FFF6A6 /* LaunchScreen.storyboard in Resources */,
				A3A4FCEF298C27DA00FFF6A6 /* Assets.xcassets in Resources */,
			);
			runOnlyForDeploymentPostprocessing = 0;
		};
/* End PBXResourcesBuildPhase section */

/* Begin PBXSourcesBuildPhase section */
		A3A4FCDB298C27D800FFF6A6 /* Sources */ = {
			isa = PBXSourcesBuildPhase;
			buildActionMask = 2147483647;
			files = (
				A36F299F298EBCED001F42CD /* NetworkManager.swift in Sources */,
				A3A238B92990FA5D00FEFFB5 /* CategoryEntity+CoreDataProperties.swift in Sources */,
				A3A4FD09298D346C00FFF6A6 /* CategoryCollectionViewCell.swift in Sources */,
				A3A4FCFF298C41E200FFF6A6 /* BooksListViewController.swift in Sources */,
				A3A4FD01298C41EC00FFF6A6 /* BooksListViewModel.swift in Sources */,
				A3A23876298FEE2D00FEFFB5 /* BooksListModel.swift in Sources */,
				A3A4FCE3298C27D800FFF6A6 /* AppDelegate.swift in Sources */,
				A3A23879298FFD9D00FEFFB5 /* CategoryCollectionViewCellModel.swift in Sources */,
				A3A2389D2990EBD800FEFFB5 /* CoreDataManager.swift in Sources */,
				A3A4FCFD298C41B900FFF6A6 /* CategoriesListViewModel.swift in Sources */,
				A3A4FCED298C27D800FFF6A6 /* BookCatalogue.xcdatamodeld in Sources */,
				A3A4FCFA298C418A00FFF6A6 /* СategoriesListViewController.swift in Sources */,
				A3A23874298FEE1800FEFFB5 /* BookCategoryModel.swift in Sources */,
				A3A4FCE5298C27D800FFF6A6 /* SceneDelegate.swift in Sources */,
				A3A238B72990FA5D00FEFFB5 /* BookEntity+CoreDataProperties.swift in Sources */,
			);
			runOnlyForDeploymentPostprocessing = 0;
		};
/* End PBXSourcesBuildPhase section */

/* Begin PBXVariantGroup section */
		A3A4FCF0298C27DA00FFF6A6 /* LaunchScreen.storyboard */ = {
			isa = PBXVariantGroup;
			children = (
				A3A4FCF1298C27DA00FFF6A6 /* Base */,
			);
			name = LaunchScreen.storyboard;
			sourceTree = "<group>";
		};
/* End PBXVariantGroup section */

/* Begin XCBuildConfiguration section */
		A3A4FCF4298C27DA00FFF6A6 /* Debug */ = {
			isa = XCBuildConfiguration;
			buildSettings = {
				ALWAYS_SEARCH_USER_PATHS = NO;
				CLANG_ANALYZER_NONNULL = YES;
				CLANG_ANALYZER_NUMBER_OBJECT_CONVERSION = YES_AGGRESSIVE;
				CLANG_CXX_LANGUAGE_STANDARD = "gnu++20";
				CLANG_ENABLE_MODULES = YES;
				CLANG_ENABLE_OBJC_ARC = YES;
				CLANG_ENABLE_OBJC_WEAK = YES;
				CLANG_WARN_BLOCK_CAPTURE_AUTORELEASING = YES;
				CLANG_WARN_BOOL_CONVERSION = YES;
				CLANG_WARN_COMMA = YES;
				CLANG_WARN_CONSTANT_CONVERSION = YES;
				CLANG_WARN_DEPRECATED_OBJC_IMPLEMENTATIONS = YES;
				CLANG_WARN_DIRECT_OBJC_ISA_USAGE = YES_ERROR;
				CLANG_WARN_DOCUMENTATION_COMMENTS = YES;
				CLANG_WARN_EMPTY_BODY = YES;
				CLANG_WARN_ENUM_CONVERSION = YES;
				CLANG_WARN_INFINITE_RECURSION = YES;
				CLANG_WARN_INT_CONVERSION = YES;
				CLANG_WARN_NON_LITERAL_NULL_CONVERSION = YES;
				CLANG_WARN_OBJC_IMPLICIT_RETAIN_SELF = YES;
				CLANG_WARN_OBJC_LITERAL_CONVERSION = YES;
				CLANG_WARN_OBJC_ROOT_CLASS = YES_ERROR;
				CLANG_WARN_QUOTED_INCLUDE_IN_FRAMEWORK_HEADER = YES;
				CLANG_WARN_RANGE_LOOP_ANALYSIS = YES;
				CLANG_WARN_STRICT_PROTOTYPES = YES;
				CLANG_WARN_SUSPICIOUS_MOVE = YES;
				CLANG_WARN_UNGUARDED_AVAILABILITY = YES_AGGRESSIVE;
				CLANG_WARN_UNREACHABLE_CODE = YES;
				CLANG_WARN__DUPLICATE_METHOD_MATCH = YES;
				COPY_PHASE_STRIP = NO;
				DEBUG_INFORMATION_FORMAT = dwarf;
				ENABLE_STRICT_OBJC_MSGSEND = YES;
				ENABLE_TESTABILITY = YES;
				GCC_C_LANGUAGE_STANDARD = gnu11;
				GCC_DYNAMIC_NO_PIC = NO;
				GCC_NO_COMMON_BLOCKS = YES;
				GCC_OPTIMIZATION_LEVEL = 0;
				GCC_PREPROCESSOR_DEFINITIONS = (
					"DEBUG=1",
					"$(inherited)",
				);
				GCC_WARN_64_TO_32_BIT_CONVERSION = YES;
				GCC_WARN_ABOUT_RETURN_TYPE = YES_ERROR;
				GCC_WARN_UNDECLARED_SELECTOR = YES;
				GCC_WARN_UNINITIALIZED_AUTOS = YES_AGGRESSIVE;
				GCC_WARN_UNUSED_FUNCTION = YES;
				GCC_WARN_UNUSED_VARIABLE = YES;
				IPHONEOS_DEPLOYMENT_TARGET = 15.0;
				MTL_ENABLE_DEBUG_INFO = INCLUDE_SOURCE;
				MTL_FAST_MATH = YES;
				ONLY_ACTIVE_ARCH = YES;
				SDKROOT = iphoneos;
				SWIFT_ACTIVE_COMPILATION_CONDITIONS = DEBUG;
				SWIFT_OPTIMIZATION_LEVEL = "-Onone";
			};
			name = Debug;
		};
		A3A4FCF5298C27DA00FFF6A6 /* Release */ = {
			isa = XCBuildConfiguration;
			buildSettings = {
				ALWAYS_SEARCH_USER_PATHS = NO;
				CLANG_ANALYZER_NONNULL = YES;
				CLANG_ANALYZER_NUMBER_OBJECT_CONVERSION = YES_AGGRESSIVE;
				CLANG_CXX_LANGUAGE_STANDARD = "gnu++20";
				CLANG_ENABLE_MODULES = YES;
				CLANG_ENABLE_OBJC_ARC = YES;
				CLANG_ENABLE_OBJC_WEAK = YES;
				CLANG_WARN_BLOCK_CAPTURE_AUTORELEASING = YES;
				CLANG_WARN_BOOL_CONVERSION = YES;
				CLANG_WARN_COMMA = YES;
				CLANG_WARN_CONSTANT_CONVERSION = YES;
				CLANG_WARN_DEPRECATED_OBJC_IMPLEMENTATIONS = YES;
				CLANG_WARN_DIRECT_OBJC_ISA_USAGE = YES_ERROR;
				CLANG_WARN_DOCUMENTATION_COMMENTS = YES;
				CLANG_WARN_EMPTY_BODY = YES;
				CLANG_WARN_ENUM_CONVERSION = YES;
				CLANG_WARN_INFINITE_RECURSION = YES;
				CLANG_WARN_INT_CONVERSION = YES;
				CLANG_WARN_NON_LITERAL_NULL_CONVERSION = YES;
				CLANG_WARN_OBJC_IMPLICIT_RETAIN_SELF = YES;
				CLANG_WARN_OBJC_LITERAL_CONVERSION = YES;
				CLANG_WARN_OBJC_ROOT_CLASS = YES_ERROR;
				CLANG_WARN_QUOTED_INCLUDE_IN_FRAMEWORK_HEADER = YES;
				CLANG_WARN_RANGE_LOOP_ANALYSIS = YES;
				CLANG_WARN_STRICT_PROTOTYPES = YES;
				CLANG_WARN_SUSPICIOUS_MOVE = YES;
				CLANG_WARN_UNGUARDED_AVAILABILITY = YES_AGGRESSIVE;
				CLANG_WARN_UNREACHABLE_CODE = YES;
				CLANG_WARN__DUPLICATE_METHOD_MATCH = YES;
				COPY_PHASE_STRIP = NO;
				DEBUG_INFORMATION_FORMAT = "dwarf-with-dsym";
				ENABLE_NS_ASSERTIONS = NO;
				ENABLE_STRICT_OBJC_MSGSEND = YES;
				GCC_C_LANGUAGE_STANDARD = gnu11;
				GCC_NO_COMMON_BLOCKS = YES;
				GCC_WARN_64_TO_32_BIT_CONVERSION = YES;
				GCC_WARN_ABOUT_RETURN_TYPE = YES_ERROR;
				GCC_WARN_UNDECLARED_SELECTOR = YES;
				GCC_WARN_UNINITIALIZED_AUTOS = YES_AGGRESSIVE;
				GCC_WARN_UNUSED_FUNCTION = YES;
				GCC_WARN_UNUSED_VARIABLE = YES;
				IPHONEOS_DEPLOYMENT_TARGET = 15.0;
				MTL_ENABLE_DEBUG_INFO = NO;
				MTL_FAST_MATH = YES;
				SDKROOT = iphoneos;
				SWIFT_COMPILATION_MODE = wholemodule;
				SWIFT_OPTIMIZATION_LEVEL = "-O";
				VALIDATE_PRODUCT = YES;
			};
			name = Release;
		};
		A3A4FCF7298C27DA00FFF6A6 /* Debug */ = {
			isa = XCBuildConfiguration;
			buildSettings = {
				ASSETCATALOG_COMPILER_APPICON_NAME = AppIcon;
				ASSETCATALOG_COMPILER_GLOBAL_ACCENT_COLOR_NAME = AccentColor;
				CODE_SIGN_STYLE = Automatic;
				CURRENT_PROJECT_VERSION = 1;
				DEVELOPMENT_TEAM = 9W5BMT376H;
				GENERATE_INFOPLIST_FILE = YES;
				INFOPLIST_FILE = BookCatalogue/SupportingFiles/Info.plist;
				INFOPLIST_KEY_UIApplicationSupportsIndirectInputEvents = YES;
				INFOPLIST_KEY_UILaunchStoryboardName = LaunchScreen;
				INFOPLIST_KEY_UIMainStoryboardFile = "";
				INFOPLIST_KEY_UISupportedInterfaceOrientations = UIInterfaceOrientationPortrait;
				IPHONEOS_DEPLOYMENT_TARGET = 15.0;
				LD_RUNPATH_SEARCH_PATHS = (
					"$(inherited)",
					"@executable_path/Frameworks",
				);
				MARKETING_VERSION = 1.0;
				PRODUCT_BUNDLE_IDENTIFIER = Yulia.ua.BookCatalogue;
				PRODUCT_NAME = "$(TARGET_NAME)";
				SWIFT_EMIT_LOC_STRINGS = YES;
				SWIFT_VERSION = 5.0;
				TARGETED_DEVICE_FAMILY = "1,2";
			};
			name = Debug;
		};
		A3A4FCF8298C27DA00FFF6A6 /* Release */ = {
			isa = XCBuildConfiguration;
			buildSettings = {
				ASSETCATALOG_COMPILER_APPICON_NAME = AppIcon;
				ASSETCATALOG_COMPILER_GLOBAL_ACCENT_COLOR_NAME = AccentColor;
				CODE_SIGN_STYLE = Automatic;
				CURRENT_PROJECT_VERSION = 1;
				DEVELOPMENT_TEAM = 9W5BMT376H;
				GENERATE_INFOPLIST_FILE = YES;
				INFOPLIST_FILE = BookCatalogue/SupportingFiles/Info.plist;
				INFOPLIST_KEY_UIApplicationSupportsIndirectInputEvents = YES;
				INFOPLIST_KEY_UILaunchStoryboardName = LaunchScreen;
				INFOPLIST_KEY_UIMainStoryboardFile = "";
				INFOPLIST_KEY_UISupportedInterfaceOrientations = UIInterfaceOrientationPortrait;
				IPHONEOS_DEPLOYMENT_TARGET = 15.0;
				LD_RUNPATH_SEARCH_PATHS = (
					"$(inherited)",
					"@executable_path/Frameworks",
				);
				MARKETING_VERSION = 1.0;
				PRODUCT_BUNDLE_IDENTIFIER = Yulia.ua.BookCatalogue;
				PRODUCT_NAME = "$(TARGET_NAME)";
				SWIFT_EMIT_LOC_STRINGS = YES;
				SWIFT_VERSION = 5.0;
				TARGETED_DEVICE_FAMILY = "1,2";
			};
			name = Release;
		};
/* End XCBuildConfiguration section */

/* Begin XCConfigurationList section */
		A3A4FCDA298C27D800FFF6A6 /* Build configuration list for PBXProject "BookCatalogue" */ = {
			isa = XCConfigurationList;
			buildConfigurations = (
				A3A4FCF4298C27DA00FFF6A6 /* Debug */,
				A3A4FCF5298C27DA00FFF6A6 /* Release */,
			);
			defaultConfigurationIsVisible = 0;
			defaultConfigurationName = Release;
		};
		A3A4FCF6298C27DA00FFF6A6 /* Build configuration list for PBXNativeTarget "BookCatalogue" */ = {
			isa = XCConfigurationList;
			buildConfigurations = (
				A3A4FCF7298C27DA00FFF6A6 /* Debug */,
				A3A4FCF8298C27DA00FFF6A6 /* Release */,
			);
			defaultConfigurationIsVisible = 0;
			defaultConfigurationName = Release;
		};
/* End XCConfigurationList section */

/* Begin XCRemoteSwiftPackageReference section */
		A36F299B298EBCCC001F42CD /* XCRemoteSwiftPackageReference "Alamofire" */ = {
			isa = XCRemoteSwiftPackageReference;
			repositoryURL = "https://github.com/Alamofire/Alamofire.git";
			requirement = {
				kind = upToNextMajorVersion;
				minimumVersion = 5.6.1;
			};
		};
/* End XCRemoteSwiftPackageReference section */

/* Begin XCSwiftPackageProductDependency section */
		A36F299C298EBCCC001F42CD /* Alamofire */ = {
			isa = XCSwiftPackageProductDependency;
			package = A36F299B298EBCCC001F42CD /* XCRemoteSwiftPackageReference "Alamofire" */;
			productName = Alamofire;
		};
/* End XCSwiftPackageProductDependency section */

/* Begin XCVersionGroup section */
		A3A4FCEB298C27D800FFF6A6 /* BookCatalogue.xcdatamodeld */ = {
			isa = XCVersionGroup;
			children = (
				A3A4FCEC298C27D800FFF6A6 /* BookCatalogue.xcdatamodel */,
			);
			currentVersion = A3A4FCEC298C27D800FFF6A6 /* BookCatalogue.xcdatamodel */;
			path = BookCatalogue.xcdatamodeld;
			sourceTree = "<group>";
			versionGroupType = wrapper.xcdatamodel;
		};
/* End XCVersionGroup section */
	};
	rootObject = A3A4FCD7298C27D800FFF6A6 /* Project object */;
}
